{
  "name": "vezba5",
  "version": "1.0.0",
  "lockfileVersion": 1,
  "requires": true,
  "dependencies": {
    "knjigafunkcijevezba5": {
      "version": "file:knjigafunkcijevezba5",
      "requires": {
        "knjigavezba5": "file:knjigavezba5"
      },
      "dependencies": {
        "knjigavezba5": {
          "version": "file:knjigavezba5"
        }
      }
    }
  }
}
